
Microsoft Visual Studio Solution File, Format Version 12.00
# Visual Studio 15
VisualStudioVersion = 15.0.27703.2026
MinimumVisualStudioVersion = 10.0.40219.1
Project("{FAE04EC0-301F-11D3-BF4B-00C04F79EFBC}") = "BookCataloque", "BookCataloque\BookCataloque.csproj", "{37A54BD2-1645-4E37-8ABB-2CABB91698A8}"
EndProject
Project("{FAE04EC0-301F-11D3-BF4B-00C04F79EFBC}") = "BookCataloque.DAL", "BookCataloque.DAL\BookCataloque.DAL.csproj", "{049B8B36-5E4C-477B-A69E-ADD9A14BF298}"
EndProject
Project("{00D1A9C2-B5F0-4AF3-8072-F6C62B433612}") = "BookCataloque.SSDT", "BookCataloque.SSDT\BookCataloque.SSDT.sqlproj", "{87031929-70DE-4E06-ACCC-546187A157C8}"
EndProject
Project("{FAE04EC0-301F-11D3-BF4B-00C04F79EFBC}") = "BookCataloque.BL", "BookCataloque.BL\BookCataloque.BL.csproj", "{9FCA034D-E4BD-4A5E-B56C-D0B1052B19FE}"
EndProject
Project("{FAE04EC0-301F-11D3-BF4B-00C04F79EFBC}") = "BookCataloque.Infrastructure", "BookCataloque.Infrastructure\BookCataloque.Infrastructure.csproj", "{6B616B4C-E21C-4139-99F0-F60D55F8065D}"
EndProject
Project("{FAE04EC0-301F-11D3-BF4B-00C04F79EFBC}") = "BookCataloque.Bootstrap", "BookCataloque.Bootstrap\BookCataloque.Bootstrap.csproj", "{E3348EBA-7F68-4821-8800-B28D06DF7C85}"
	ProjectSection(ProjectDependencies) = postProject
		{6B616B4C-E21C-4139-99F0-F60D55F8065D} = {6B616B4C-E21C-4139-99F0-F60D55F8065D}
	EndProjectSection
EndProject
Project("{FAE04EC0-301F-11D3-BF4B-00C04F79EFBC}") = "BookCataloque.ViewModel", "BookCataloque.ViewModel\BookCataloque.ViewModel.csproj", "{459AFAE6-B3D8-45D6-8613-ACF31AAFCF6D}"
EndProject
Project("{FAE04EC0-301F-11D3-BF4B-00C04F79EFBC}") = "BookCataloque.EntityModel", "BookCataloque.EntityModel\BookCataloque.EntityModel.csproj", "{D83DB0EC-2C73-4C8D-A117-F4A69E5667CA}"
EndProject
Global
	GlobalSection(SolutionConfigurationPlatforms) = preSolution
		Debug|Any CPU = Debug|Any CPU
		Release|Any CPU = Release|Any CPU
	EndGlobalSection
	GlobalSection(ProjectConfigurationPlatforms) = postSolution
		{37A54BD2-1645-4E37-8ABB-2CABB91698A8}.Debug|Any CPU.ActiveCfg = Debug|Any CPU
		{37A54BD2-1645-4E37-8ABB-2CABB91698A8}.Debug|Any CPU.Build.0 = Debug|Any CPU
		{37A54BD2-1645-4E37-8ABB-2CABB91698A8}.Release|Any CPU.ActiveCfg = Release|Any CPU
		{37A54BD2-1645-4E37-8ABB-2CABB91698A8}.Release|Any CPU.Build.0 = Release|Any CPU
		{049B8B36-5E4C-477B-A69E-ADD9A14BF298}.Debug|Any CPU.ActiveCfg = Debug|Any CPU
		{049B8B36-5E4C-477B-A69E-ADD9A14BF298}.Debug|Any CPU.Build.0 = Debug|Any CPU
		{049B8B36-5E4C-477B-A69E-ADD9A14BF298}.Release|Any CPU.ActiveCfg = Release|Any CPU
		{049B8B36-5E4C-477B-A69E-ADD9A14BF298}.Release|Any CPU.Build.0 = Release|Any CPU
		{87031929-70DE-4E06-ACCC-546187A157C8}.Debug|Any CPU.ActiveCfg = Debug|Any CPU
		{87031929-70DE-4E06-ACCC-546187A157C8}.Debug|Any CPU.Build.0 = Debug|Any CPU
		{87031929-70DE-4E06-ACCC-546187A157C8}.Debug|Any CPU.Deploy.0 = Debug|Any CPU
		{87031929-70DE-4E06-ACCC-546187A157C8}.Release|Any CPU.ActiveCfg = Release|Any CPU
		{87031929-70DE-4E06-ACCC-546187A157C8}.Release|Any CPU.Build.0 = Release|Any CPU
		{87031929-70DE-4E06-ACCC-546187A157C8}.Release|Any CPU.Deploy.0 = Release|Any CPU
		{9FCA034D-E4BD-4A5E-B56C-D0B1052B19FE}.Debug|Any CPU.ActiveCfg = Debug|Any CPU
		{9FCA034D-E4BD-4A5E-B56C-D0B1052B19FE}.Debug|Any CPU.Build.0 = Debug|Any CPU
		{9FCA034D-E4BD-4A5E-B56C-D0B1052B19FE}.Release|Any CPU.ActiveCfg = Release|Any CPU
		{9FCA034D-E4BD-4A5E-B56C-D0B1052B19FE}.Release|Any CPU.Build.0 = Release|Any CPU
		{6B616B4C-E21C-4139-99F0-F60D55F8065D}.Debug|Any CPU.ActiveCfg = Debug|Any CPU
		{6B616B4C-E21C-4139-99F0-F60D55F8065D}.Debug|Any CPU.Build.0 = Debug|Any CPU
		{6B616B4C-E21C-4139-99F0-F60D55F8065D}.Release|Any CPU.ActiveCfg = Release|Any CPU
		{6B616B4C-E21C-4139-99F0-F60D55F8065D}.Release|Any CPU.Build.0 = Release|Any CPU
		{E3348EBA-7F68-4821-8800-B28D06DF7C85}.Debug|Any CPU.ActiveCfg = Debug|Any CPU
		{E3348EBA-7F68-4821-8800-B28D06DF7C85}.Debug|Any CPU.Build.0 = Debug|Any CPU
		{E3348EBA-7F68-4821-8800-B28D06DF7C85}.Release|Any CPU.ActiveCfg = Release|Any CPU
		{E3348EBA-7F68-4821-8800-B28D06DF7C85}.Release|Any CPU.Build.0 = Release|Any CPU
		{459AFAE6-B3D8-45D6-8613-ACF31AAFCF6D}.Debug|Any CPU.ActiveCfg = Debug|Any CPU
		{459AFAE6-B3D8-45D6-8613-ACF31AAFCF6D}.Debug|Any CPU.Build.0 = Debug|Any CPU
		{459AFAE6-B3D8-45D6-8613-ACF31AAFCF6D}.Release|Any CPU.ActiveCfg = Release|Any CPU
		{459AFAE6-B3D8-45D6-8613-ACF31AAFCF6D}.Release|Any CPU.Build.0 = Release|Any CPU
		{D83DB0EC-2C73-4C8D-A117-F4A69E5667CA}.Debug|Any CPU.ActiveCfg = Debug|Any CPU
		{D83DB0EC-2C73-4C8D-A117-F4A69E5667CA}.Debug|Any CPU.Build.0 = Debug|Any CPU
		{D83DB0EC-2C73-4C8D-A117-F4A69E5667CA}.Release|Any CPU.ActiveCfg = Release|Any CPU
		{D83DB0EC-2C73-4C8D-A117-F4A69E5667CA}.Release|Any CPU.Build.0 = Release|Any CPU
	EndGlobalSection
	GlobalSection(SolutionProperties) = preSolution
		HideSolutionNode = FALSE
	EndGlobalSection
	GlobalSection(ExtensibilityGlobals) = postSolution
		SolutionGuid = {A28C3A1C-0C99-477E-9F8C-AA6B8E77704D}
	EndGlobalSection
EndGlobal
